
Microsoft Visual Studio Solution File, Format Version 12.00
# Visual Studio Version 17
VisualStudioVersion = 17.0.31903.59
MinimumVisualStudioVersion = 10.0.40219.1
Project("{2150E333-8FDC-42A3-9474-1A3956D46DE8}") = "src", "src", "{827E0CD3-B72D-47B6-A68D-7590B98EB39B}"
EndProject
Project("{2150E333-8FDC-42A3-9474-1A3956D46DE8}") = "Domain", "Domain", "{8B290487-4C16-E85E-E807-F579CBE9FC4D}"
EndProject
Project("{FAE04EC0-301F-11D3-BF4B-00C04F79EFBC}") = "Crm.Domain", "src\Crm.Domain\Crm.Domain.csproj", "{FB68069A-06CC-4A68-BFD1-246727F8250C}"
EndProject
Project("{2150E333-8FDC-42A3-9474-1A3956D46DE8}") = "Application", "Application", "{22BAF98C-8415-17C4-B26A-D537657BC863}"
EndProject
Project("{FAE04EC0-301F-11D3-BF4B-00C04F79EFBC}") = "Crm.Application", "src\Crm.Application\Crm.Application.csproj", "{624FF205-9DD5-4814-A6D9-F1E91A36CBC5}"
EndProject
Project("{2150E333-8FDC-42A3-9474-1A3956D46DE8}") = "Infrastructure", "Infrastructure", "{9048EB7F-3875-A59E-E36B-5BD4C6F2A282}"
EndProject
Project("{FAE04EC0-301F-11D3-BF4B-00C04F79EFBC}") = "Crm.Infrastructure", "src\Crm.Infrastructure\Crm.Infrastructure.csproj", "{43E3168A-483C-4E34-B83E-124C7B3D5A08}"
EndProject
Project("{2150E333-8FDC-42A3-9474-1A3956D46DE8}") = "Presentation", "Presentation", "{6996BBF7-DB31-59BC-C7DD-9A7CCC6138C4}"
EndProject
Project("{FAE04EC0-301F-11D3-BF4B-00C04F79EFBC}") = "Crm.Web", "src\Presentation\Crm.Web\Crm.Web.csproj", "{CD7B4966-E800-40B2-8820-BF17BB671B44}"
EndProject
Project("{FAE04EC0-301F-11D3-BF4B-00C04F79EFBC}") = "Crm.UI", "src\Presentation\Crm.UI\Crm.UI.csproj", "{B59E88E3-4594-4259-919A-059E9ECD1AFA}"
EndProject
Project("{2150E333-8FDC-42A3-9474-1A3956D46DE8}") = "Contracts", "Contracts", "{FFBE31B8-50B9-B415-22BC-2F92C97CADA3}"
EndProject
Project("{FAE04EC0-301F-11D3-BF4B-00C04F79EFBC}") = "Crm.Contracts", "src\Contracts\Crm.Contracts\Crm.Contracts.csproj", "{B01BD48B-FF84-4EC1-8B91-D5E1DFD357C9}"
EndProject
Project("{2150E333-8FDC-42A3-9474-1A3956D46DE8}") = "Background", "Background", "{0CC75A01-4390-C2B7-DF35-E457BEBA5A7A}"
EndProject
Project("{FAE04EC0-301F-11D3-BF4B-00C04F79EFBC}") = "Crm.Worker", "src\Background\Crm.Worker\Crm.Worker.csproj", "{292882F8-4D4C-4AB9-86DC-E915F0E3F56D}"
EndProject
Project("{2150E333-8FDC-42A3-9474-1A3956D46DE8}") = "tests", "tests", "{0AB3BF05-4346-4AA6-1389-037BE0695223}"
EndProject
Project("{2150E333-8FDC-42A3-9474-1A3956D46DE8}") = "Domain", "Domain", "{AA729693-B437-D1F0-D453-A817F88C4370}"
EndProject
Project("{FAE04EC0-301F-11D3-BF4B-00C04F79EFBC}") = "Crm.Domain.Tests", "tests\Crm.Domain.Tests\Crm.Domain.Tests.csproj", "{14B59B7E-FE5D-429D-9F17-1185F90D63B1}"
EndProject
Project("{2150E333-8FDC-42A3-9474-1A3956D46DE8}") = "Application", "Application", "{B611CC27-D592-8FDF-F9F1-D39D131BCC02}"
EndProject
Project("{FAE04EC0-301F-11D3-BF4B-00C04F79EFBC}") = "Crm.Application.Tests", "tests\Crm.Application.Tests\Crm.Application.Tests.csproj", "{31F5305C-7A73-4393-9F75-DBC3B186E97E}"
EndProject
Project("{2150E333-8FDC-42A3-9474-1A3956D46DE8}") = "Web", "Web", "{62EB4910-3085-D5F7-07F0-ADDD05668AE4}"
EndProject
Project("{FAE04EC0-301F-11D3-BF4B-00C04F79EFBC}") = "Crm.Web.Tests", "tests\Crm.Web.Tests\Crm.Web.Tests.csproj", "{D8334CE3-79FF-4345-9B53-FD68DB6DFB4A}"
EndProject
Global
	GlobalSection(SolutionConfigurationPlatforms) = preSolution
		Debug|Any CPU = Debug|Any CPU
		Debug|x64 = Debug|x64
		Debug|x86 = Debug|x86
		Release|Any CPU = Release|Any CPU
		Release|x64 = Release|x64
		Release|x86 = Release|x86
	EndGlobalSection
	GlobalSection(ProjectConfigurationPlatforms) = postSolution
		{FB68069A-06CC-4A68-BFD1-246727F8250C}.Debug|Any CPU.ActiveCfg = Debug|Any CPU
		{FB68069A-06CC-4A68-BFD1-246727F8250C}.Debug|Any CPU.Build.0 = Debug|Any CPU
		{FB68069A-06CC-4A68-BFD1-246727F8250C}.Debug|x64.ActiveCfg = Debug|Any CPU
		{FB68069A-06CC-4A68-BFD1-246727F8250C}.Debug|x64.Build.0 = Debug|Any CPU
		{FB68069A-06CC-4A68-BFD1-246727F8250C}.Debug|x86.ActiveCfg = Debug|Any CPU
		{FB68069A-06CC-4A68-BFD1-246727F8250C}.Debug|x86.Build.0 = Debug|Any CPU
		{FB68069A-06CC-4A68-BFD1-246727F8250C}.Release|Any CPU.ActiveCfg = Release|Any CPU
		{FB68069A-06CC-4A68-BFD1-246727F8250C}.Release|Any CPU.Build.0 = Release|Any CPU
		{FB68069A-06CC-4A68-BFD1-246727F8250C}.Release|x64.ActiveCfg = Release|Any CPU
		{FB68069A-06CC-4A68-BFD1-246727F8250C}.Release|x64.Build.0 = Release|Any CPU
		{FB68069A-06CC-4A68-BFD1-246727F8250C}.Release|x86.ActiveCfg = Release|Any CPU
		{FB68069A-06CC-4A68-BFD1-246727F8250C}.Release|x86.Build.0 = Release|Any CPU
		{624FF205-9DD5-4814-A6D9-F1E91A36CBC5}.Debug|Any CPU.ActiveCfg = Debug|Any CPU
		{624FF205-9DD5-4814-A6D9-F1E91A36CBC5}.Debug|Any CPU.Build.0 = Debug|Any CPU
		{624FF205-9DD5-4814-A6D9-F1E91A36CBC5}.Debug|x64.ActiveCfg = Debug|Any CPU
		{624FF205-9DD5-4814-A6D9-F1E91A36CBC5}.Debug|x64.Build.0 = Debug|Any CPU
		{624FF205-9DD5-4814-A6D9-F1E91A36CBC5}.Debug|x86.ActiveCfg = Debug|Any CPU
		{624FF205-9DD5-4814-A6D9-F1E91A36CBC5}.Debug|x86.Build.0 = Debug|Any CPU
		{624FF205-9DD5-4814-A6D9-F1E91A36CBC5}.Release|Any CPU.ActiveCfg = Release|Any CPU
		{624FF205-9DD5-4814-A6D9-F1E91A36CBC5}.Release|Any CPU.Build.0 = Release|Any CPU
		{624FF205-9DD5-4814-A6D9-F1E91A36CBC5}.Release|x64.ActiveCfg = Release|Any CPU
		{624FF205-9DD5-4814-A6D9-F1E91A36CBC5}.Release|x64.Build.0 = Release|Any CPU
		{624FF205-9DD5-4814-A6D9-F1E91A36CBC5}.Release|x86.ActiveCfg = Release|Any CPU
		{624FF205-9DD5-4814-A6D9-F1E91A36CBC5}.Release|x86.Build.0 = Release|Any CPU
		{43E3168A-483C-4E34-B83E-124C7B3D5A08}.Debug|Any CPU.ActiveCfg = Debug|Any CPU
		{43E3168A-483C-4E34-B83E-124C7B3D5A08}.Debug|Any CPU.Build.0 = Debug|Any CPU
		{43E3168A-483C-4E34-B83E-124C7B3D5A08}.Debug|x64.ActiveCfg = Debug|Any CPU
		{43E3168A-483C-4E34-B83E-124C7B3D5A08}.Debug|x64.Build.0 = Debug|Any CPU
		{43E3168A-483C-4E34-B83E-124C7B3D5A08}.Debug|x86.ActiveCfg = Debug|Any CPU
		{43E3168A-483C-4E34-B83E-124C7B3D5A08}.Debug|x86.Build.0 = Debug|Any CPU
		{43E3168A-483C-4E34-B83E-124C7B3D5A08}.Release|Any CPU.ActiveCfg = Release|Any CPU
		{43E3168A-483C-4E34-B83E-124C7B3D5A08}.Release|Any CPU.Build.0 = Release|Any CPU
		{43E3168A-483C-4E34-B83E-124C7B3D5A08}.Release|x64.ActiveCfg = Release|Any CPU
		{43E3168A-483C-4E34-B83E-124C7B3D5A08}.Release|x64.Build.0 = Release|Any CPU
		{43E3168A-483C-4E34-B83E-124C7B3D5A08}.Release|x86.ActiveCfg = Release|Any CPU
		{43E3168A-483C-4E34-B83E-124C7B3D5A08}.Release|x86.Build.0 = Release|Any CPU
		{CD7B4966-E800-40B2-8820-BF17BB671B44}.Debug|Any CPU.ActiveCfg = Debug|Any CPU
		{CD7B4966-E800-40B2-8820-BF17BB671B44}.Debug|Any CPU.Build.0 = Debug|Any CPU
		{CD7B4966-E800-40B2-8820-BF17BB671B44}.Debug|x64.ActiveCfg = Debug|Any CPU
		{CD7B4966-E800-40B2-8820-BF17BB671B44}.Debug|x64.Build.0 = Debug|Any CPU
		{CD7B4966-E800-40B2-8820-BF17BB671B44}.Debug|x86.ActiveCfg = Debug|Any CPU
		{CD7B4966-E800-40B2-8820-BF17BB671B44}.Debug|x86.Build.0 = Debug|Any CPU
		{CD7B4966-E800-40B2-8820-BF17BB671B44}.Release|Any CPU.ActiveCfg = Release|Any CPU
		{CD7B4966-E800-40B2-8820-BF17BB671B44}.Release|Any CPU.Build.0 = Release|Any CPU
		{CD7B4966-E800-40B2-8820-BF17BB671B44}.Release|x64.ActiveCfg = Release|Any CPU
		{CD7B4966-E800-40B2-8820-BF17BB671B44}.Release|x64.Build.0 = Release|Any CPU
		{CD7B4966-E800-40B2-8820-BF17BB671B44}.Release|x86.ActiveCfg = Release|Any CPU
		{CD7B4966-E800-40B2-8820-BF17BB671B44}.Release|x86.Build.0 = Release|Any CPU
		{B59E88E3-4594-4259-919A-059E9ECD1AFA}.Debug|Any CPU.ActiveCfg = Debug|Any CPU
		{B59E88E3-4594-4259-919A-059E9ECD1AFA}.Debug|Any CPU.Build.0 = Debug|Any CPU
		{B59E88E3-4594-4259-919A-059E9ECD1AFA}.Debug|x64.ActiveCfg = Debug|Any CPU
		{B59E88E3-4594-4259-919A-059E9ECD1AFA}.Debug|x64.Build.0 = Debug|Any CPU
		{B59E88E3-4594-4259-919A-059E9ECD1AFA}.Debug|x86.ActiveCfg = Debug|Any CPU
		{B59E88E3-4594-4259-919A-059E9ECD1AFA}.Debug|x86.Build.0 = Debug|Any CPU
		{B59E88E3-4594-4259-919A-059E9ECD1AFA}.Release|Any CPU.ActiveCfg = Release|Any CPU
		{B59E88E3-4594-4259-919A-059E9ECD1AFA}.Release|Any CPU.Build.0 = Release|Any CPU
		{B59E88E3-4594-4259-919A-059E9ECD1AFA}.Release|x64.ActiveCfg = Release|Any CPU
		{B59E88E3-4594-4259-919A-059E9ECD1AFA}.Release|x64.Build.0 = Release|Any CPU
		{B59E88E3-4594-4259-919A-059E9ECD1AFA}.Release|x86.ActiveCfg = Release|Any CPU
		{B59E88E3-4594-4259-919A-059E9ECD1AFA}.Release|x86.Build.0 = Release|Any CPU
		{B01BD48B-FF84-4EC1-8B91-D5E1DFD357C9}.Debug|Any CPU.ActiveCfg = Debug|Any CPU
		{B01BD48B-FF84-4EC1-8B91-D5E1DFD357C9}.Debug|Any CPU.Build.0 = Debug|Any CPU
		{B01BD48B-FF84-4EC1-8B91-D5E1DFD357C9}.Debug|x64.ActiveCfg = Debug|Any CPU
		{B01BD48B-FF84-4EC1-8B91-D5E1DFD357C9}.Debug|x64.Build.0 = Debug|Any CPU
		{B01BD48B-FF84-4EC1-8B91-D5E1DFD357C9}.Debug|x86.ActiveCfg = Debug|Any CPU
		{B01BD48B-FF84-4EC1-8B91-D5E1DFD357C9}.Debug|x86.Build.0 = Debug|Any CPU
		{B01BD48B-FF84-4EC1-8B91-D5E1DFD357C9}.Release|Any CPU.ActiveCfg = Release|Any CPU
		{B01BD48B-FF84-4EC1-8B91-D5E1DFD357C9}.Release|Any CPU.Build.0 = Release|Any CPU
		{B01BD48B-FF84-4EC1-8B91-D5E1DFD357C9}.Release|x64.ActiveCfg = Release|Any CPU
		{B01BD48B-FF84-4EC1-8B91-D5E1DFD357C9}.Release|x64.Build.0 = Release|Any CPU
		{B01BD48B-FF84-4EC1-8B91-D5E1DFD357C9}.Release|x86.ActiveCfg = Release|Any CPU
		{B01BD48B-FF84-4EC1-8B91-D5E1DFD357C9}.Release|x86.Build.0 = Release|Any CPU
		{292882F8-4D4C-4AB9-86DC-E915F0E3F56D}.Debug|Any CPU.ActiveCfg = Debug|Any CPU
		{292882F8-4D4C-4AB9-86DC-E915F0E3F56D}.Debug|Any CPU.Build.0 = Debug|Any CPU
		{292882F8-4D4C-4AB9-86DC-E915F0E3F56D}.Debug|x64.ActiveCfg = Debug|Any CPU
		{292882F8-4D4C-4AB9-86DC-E915F0E3F56D}.Debug|x64.Build.0 = Debug|Any CPU
		{292882F8-4D4C-4AB9-86DC-E915F0E3F56D}.Debug|x86.ActiveCfg = Debug|Any CPU
		{292882F8-4D4C-4AB9-86DC-E915F0E3F56D}.Debug|x86.Build.0 = Debug|Any CPU
		{292882F8-4D4C-4AB9-86DC-E915F0E3F56D}.Release|Any CPU.ActiveCfg = Release|Any CPU
		{292882F8-4D4C-4AB9-86DC-E915F0E3F56D}.Release|Any CPU.Build.0 = Release|Any CPU
		{292882F8-4D4C-4AB9-86DC-E915F0E3F56D}.Release|x64.ActiveCfg = Release|Any CPU
		{292882F8-4D4C-4AB9-86DC-E915F0E3F56D}.Release|x64.Build.0 = Release|Any CPU
		{292882F8-4D4C-4AB9-86DC-E915F0E3F56D}.Release|x86.ActiveCfg = Release|Any CPU
		{292882F8-4D4C-4AB9-86DC-E915F0E3F56D}.Release|x86.Build.0 = Release|Any CPU
		{14B59B7E-FE5D-429D-9F17-1185F90D63B1}.Debug|Any CPU.ActiveCfg = Debug|Any CPU
		{14B59B7E-FE5D-429D-9F17-1185F90D63B1}.Debug|Any CPU.Build.0 = Debug|Any CPU
		{14B59B7E-FE5D-429D-9F17-1185F90D63B1}.Debug|x64.ActiveCfg = Debug|Any CPU
		{14B59B7E-FE5D-429D-9F17-1185F90D63B1}.Debug|x64.Build.0 = Debug|Any CPU
		{14B59B7E-FE5D-429D-9F17-1185F90D63B1}.Debug|x86.ActiveCfg = Debug|Any CPU
		{14B59B7E-FE5D-429D-9F17-1185F90D63B1}.Debug|x86.Build.0 = Debug|Any CPU
		{14B59B7E-FE5D-429D-9F17-1185F90D63B1}.Release|Any CPU.ActiveCfg = Release|Any CPU
		{14B59B7E-FE5D-429D-9F17-1185F90D63B1}.Release|Any CPU.Build.0 = Release|Any CPU
		{14B59B7E-FE5D-429D-9F17-1185F90D63B1}.Release|x64.ActiveCfg = Release|Any CPU
		{14B59B7E-FE5D-429D-9F17-1185F90D63B1}.Release|x64.Build.0 = Release|Any CPU
		{14B59B7E-FE5D-429D-9F17-1185F90D63B1}.Release|x86.ActiveCfg = Release|Any CPU
		{14B59B7E-FE5D-429D-9F17-1185F90D63B1}.Release|x86.Build.0 = Release|Any CPU
		{31F5305C-7A73-4393-9F75-DBC3B186E97E}.Debug|Any CPU.ActiveCfg = Debug|Any CPU
		{31F5305C-7A73-4393-9F75-DBC3B186E97E}.Debug|Any CPU.Build.0 = Debug|Any CPU
		{31F5305C-7A73-4393-9F75-DBC3B186E97E}.Debug|x64.ActiveCfg = Debug|Any CPU
		{31F5305C-7A73-4393-9F75-DBC3B186E97E}.Debug|x64.Build.0 = Debug|Any CPU
		{31F5305C-7A73-4393-9F75-DBC3B186E97E}.Debug|x86.ActiveCfg = Debug|Any CPU
		{31F5305C-7A73-4393-9F75-DBC3B186E97E}.Debug|x86.Build.0 = Debug|Any CPU
		{31F5305C-7A73-4393-9F75-DBC3B186E97E}.Release|Any CPU.ActiveCfg = Release|Any CPU
		{31F5305C-7A73-4393-9F75-DBC3B186E97E}.Release|Any CPU.Build.0 = Release|Any CPU
		{31F5305C-7A73-4393-9F75-DBC3B186E97E}.Release|x64.ActiveCfg = Release|Any CPU
		{31F5305C-7A73-4393-9F75-DBC3B186E97E}.Release|x64.Build.0 = Release|Any CPU
		{31F5305C-7A73-4393-9F75-DBC3B186E97E}.Release|x86.ActiveCfg = Release|Any CPU
		{31F5305C-7A73-4393-9F75-DBC3B186E97E}.Release|x86.Build.0 = Release|Any CPU
		{D8334CE3-79FF-4345-9B53-FD68DB6DFB4A}.Debug|Any CPU.ActiveCfg = Debug|Any CPU
		{D8334CE3-79FF-4345-9B53-FD68DB6DFB4A}.Debug|Any CPU.Build.0 = Debug|Any CPU
		{D8334CE3-79FF-4345-9B53-FD68DB6DFB4A}.Debug|x64.ActiveCfg = Debug|Any CPU
		{D8334CE3-79FF-4345-9B53-FD68DB6DFB4A}.Debug|x64.Build.0 = Debug|Any CPU
		{D8334CE3-79FF-4345-9B53-FD68DB6DFB4A}.Debug|x86.ActiveCfg = Debug|Any CPU
		{D8334CE3-79FF-4345-9B53-FD68DB6DFB4A}.Debug|x86.Build.0 = Debug|Any CPU
		{D8334CE3-79FF-4345-9B53-FD68DB6DFB4A}.Release|Any CPU.ActiveCfg = Release|Any CPU
		{D8334CE3-79FF-4345-9B53-FD68DB6DFB4A}.Release|Any CPU.Build.0 = Release|Any CPU
		{D8334CE3-79FF-4345-9B53-FD68DB6DFB4A}.Release|x64.ActiveCfg = Release|Any CPU
		{D8334CE3-79FF-4345-9B53-FD68DB6DFB4A}.Release|x64.Build.0 = Release|Any CPU
		{D8334CE3-79FF-4345-9B53-FD68DB6DFB4A}.Release|x86.ActiveCfg = Release|Any CPU
		{D8334CE3-79FF-4345-9B53-FD68DB6DFB4A}.Release|x86.Build.0 = Release|Any CPU
	EndGlobalSection
	GlobalSection(SolutionProperties) = preSolution
		HideSolutionNode = FALSE
	EndGlobalSection
	GlobalSection(NestedProjects) = preSolution
		{8B290487-4C16-E85E-E807-F579CBE9FC4D} = {827E0CD3-B72D-47B6-A68D-7590B98EB39B}
		{FB68069A-06CC-4A68-BFD1-246727F8250C} = {8B290487-4C16-E85E-E807-F579CBE9FC4D}
		{22BAF98C-8415-17C4-B26A-D537657BC863} = {827E0CD3-B72D-47B6-A68D-7590B98EB39B}
		{624FF205-9DD5-4814-A6D9-F1E91A36CBC5} = {22BAF98C-8415-17C4-B26A-D537657BC863}
		{9048EB7F-3875-A59E-E36B-5BD4C6F2A282} = {827E0CD3-B72D-47B6-A68D-7590B98EB39B}
		{43E3168A-483C-4E34-B83E-124C7B3D5A08} = {9048EB7F-3875-A59E-E36B-5BD4C6F2A282}
		{6996BBF7-DB31-59BC-C7DD-9A7CCC6138C4} = {827E0CD3-B72D-47B6-A68D-7590B98EB39B}
		{CD7B4966-E800-40B2-8820-BF17BB671B44} = {6996BBF7-DB31-59BC-C7DD-9A7CCC6138C4}
		{B59E88E3-4594-4259-919A-059E9ECD1AFA} = {6996BBF7-DB31-59BC-C7DD-9A7CCC6138C4}
		{FFBE31B8-50B9-B415-22BC-2F92C97CADA3} = {827E0CD3-B72D-47B6-A68D-7590B98EB39B}
		{B01BD48B-FF84-4EC1-8B91-D5E1DFD357C9} = {FFBE31B8-50B9-B415-22BC-2F92C97CADA3}
		{0CC75A01-4390-C2B7-DF35-E457BEBA5A7A} = {827E0CD3-B72D-47B6-A68D-7590B98EB39B}
		{292882F8-4D4C-4AB9-86DC-E915F0E3F56D} = {0CC75A01-4390-C2B7-DF35-E457BEBA5A7A}
		{AA729693-B437-D1F0-D453-A817F88C4370} = {0AB3BF05-4346-4AA6-1389-037BE0695223}
		{14B59B7E-FE5D-429D-9F17-1185F90D63B1} = {AA729693-B437-D1F0-D453-A817F88C4370}
		{B611CC27-D592-8FDF-F9F1-D39D131BCC02} = {0AB3BF05-4346-4AA6-1389-037BE0695223}
		{31F5305C-7A73-4393-9F75-DBC3B186E97E} = {B611CC27-D592-8FDF-F9F1-D39D131BCC02}
		{62EB4910-3085-D5F7-07F0-ADDD05668AE4} = {0AB3BF05-4346-4AA6-1389-037BE0695223}
		{D8334CE3-79FF-4345-9B53-FD68DB6DFB4A} = {62EB4910-3085-D5F7-07F0-ADDD05668AE4}
	EndGlobalSection
EndGlobal
